PODS:
  - Alamofire (4.9.0)
  - Cache (5.2.0)

DEPENDENCIES:
  - Alamofire
  - Cache

SPEC REPOS:
  https://github.com/cocoapods/specs.git:
    - Alamofire
    - Cache

SPEC CHECKSUMS:
  Alamofire: afc3e7c6db61476cb45cdd23fed06bad03bbc321
  Cache: 807c5d86d01a177f06ede9865add3aea269bbfd4

PODFILE CHECKSUM: 6d56dd4c65b7a570342bd7b007b4d27e9862b301

COCOAPODS: 1.7.2
